
Microsoft Visual Studio Solution File, Format Version 12.00
# Visual Studio Version 16
VisualStudioVersion = 16.0.30011.22
MinimumVisualStudioVersion = 10.0.40219.1
Project("{9A19103F-16F7-4668-BE54-9A1E7A4F7556}") = "Database", "Database\Database.csproj", "{EA3768A0-875E-426B-B971-8E1B0473C0BE}"
EndProject
Project("{FAE04EC0-301F-11D3-BF4B-00C04F79EFBC}") = "MyBeesDiary.Android", "MyBeesDiary\MyBeesDiary.Android\MyBeesDiary.Android.csproj", "{FBE5D231-F0EC-4A98-B406-C2DD4C676133}"
EndProject
Project("{FAE04EC0-301F-11D3-BF4B-00C04F79EFBC}") = "MyBeesDiary.iOS", "MyBeesDiary\MyBeesDiary.iOS\MyBeesDiary.iOS.csproj", "{7D97E4BB-96E1-4E71-B29F-B30AF67FA3BF}"
EndProject
Project("{FAE04EC0-301F-11D3-BF4B-00C04F79EFBC}") = "MyBeesDiary", "MyBeesDiary\MyBeesDiary\MyBeesDiary.csproj", "{F5E105A7-DE30-4368-8652-F8B6AC276E89}"
EndProject
Global
	GlobalSection(SolutionConfigurationPlatforms) = preSolution
		Debug|Any CPU = Debug|Any CPU
		Debug|iPhone = Debug|iPhone
		Debug|iPhoneSimulator = Debug|iPhoneSimulator
		Release|Any CPU = Release|Any CPU
		Release|iPhone = Release|iPhone
		Release|iPhoneSimulator = Release|iPhoneSimulator
	EndGlobalSection
	GlobalSection(ProjectConfigurationPlatforms) = postSolution
		{EA3768A0-875E-426B-B971-8E1B0473C0BE}.Debug|Any CPU.ActiveCfg = Debug|Any CPU
		{EA3768A0-875E-426B-B971-8E1B0473C0BE}.Debug|Any CPU.Build.0 = Debug|Any CPU
		{EA3768A0-875E-426B-B971-8E1B0473C0BE}.Debug|iPhone.ActiveCfg = Debug|Any CPU
		{EA3768A0-875E-426B-B971-8E1B0473C0BE}.Debug|iPhone.Build.0 = Debug|Any CPU
		{EA3768A0-875E-426B-B971-8E1B0473C0BE}.Debug|iPhoneSimulator.ActiveCfg = Debug|Any CPU
		{EA3768A0-875E-426B-B971-8E1B0473C0BE}.Debug|iPhoneSimulator.Build.0 = Debug|Any CPU
		{EA3768A0-875E-426B-B971-8E1B0473C0BE}.Release|Any CPU.ActiveCfg = Release|Any CPU
		{EA3768A0-875E-426B-B971-8E1B0473C0BE}.Release|Any CPU.Build.0 = Release|Any CPU
		{EA3768A0-875E-426B-B971-8E1B0473C0BE}.Release|iPhone.ActiveCfg = Release|Any CPU
		{EA3768A0-875E-426B-B971-8E1B0473C0BE}.Release|iPhone.Build.0 = Release|Any CPU
		{EA3768A0-875E-426B-B971-8E1B0473C0BE}.Release|iPhoneSimulator.ActiveCfg = Release|Any CPU
		{EA3768A0-875E-426B-B971-8E1B0473C0BE}.Release|iPhoneSimulator.Build.0 = Release|Any CPU
		{FBE5D231-F0EC-4A98-B406-C2DD4C676133}.Debug|Any CPU.ActiveCfg = Debug|Any CPU
		{FBE5D231-F0EC-4A98-B406-C2DD4C676133}.Debug|Any CPU.Build.0 = Debug|Any CPU
		{FBE5D231-F0EC-4A98-B406-C2DD4C676133}.Debug|Any CPU.Deploy.0 = Debug|Any CPU
		{FBE5D231-F0EC-4A98-B406-C2DD4C676133}.Debug|iPhone.ActiveCfg = Debug|Any CPU
		{FBE5D231-F0EC-4A98-B406-C2DD4C676133}.Debug|iPhone.Build.0 = Debug|Any CPU
		{FBE5D231-F0EC-4A98-B406-C2DD4C676133}.Debug|iPhone.Deploy.0 = Debug|Any CPU
		{FBE5D231-F0EC-4A98-B406-C2DD4C676133}.Debug|iPhoneSimulator.ActiveCfg = Debug|Any CPU
		{FBE5D231-F0EC-4A98-B406-C2DD4C676133}.Debug|iPhoneSimulator.Build.0 = Debug|Any CPU
		{FBE5D231-F0EC-4A98-B406-C2DD4C676133}.Debug|iPhoneSimulator.Deploy.0 = Debug|Any CPU
		{FBE5D231-F0EC-4A98-B406-C2DD4C676133}.Release|Any CPU.ActiveCfg = Release|Any CPU
		{FBE5D231-F0EC-4A98-B406-C2DD4C676133}.Release|Any CPU.Build.0 = Release|Any CPU
		{FBE5D231-F0EC-4A98-B406-C2DD4C676133}.Release|Any CPU.Deploy.0 = Release|Any CPU
		{FBE5D231-F0EC-4A98-B406-C2DD4C676133}.Release|iPhone.ActiveCfg = Release|Any CPU
		{FBE5D231-F0EC-4A98-B406-C2DD4C676133}.Release|iPhone.Build.0 = Release|Any CPU
		{FBE5D231-F0EC-4A98-B406-C2DD4C676133}.Release|iPhone.Deploy.0 = Release|Any CPU
		{FBE5D231-F0EC-4A98-B406-C2DD4C676133}.Release|iPhoneSimulator.ActiveCfg = Release|Any CPU
		{FBE5D231-F0EC-4A98-B406-C2DD4C676133}.Release|iPhoneSimulator.Build.0 = Release|Any CPU
		{FBE5D231-F0EC-4A98-B406-C2DD4C676133}.Release|iPhoneSimulator.Deploy.0 = Release|Any CPU
		{7D97E4BB-96E1-4E71-B29F-B30AF67FA3BF}.Debug|Any CPU.ActiveCfg = Debug|iPhone
		{7D97E4BB-96E1-4E71-B29F-B30AF67FA3BF}.Debug|iPhone.ActiveCfg = Debug|iPhone
		{7D97E4BB-96E1-4E71-B29F-B30AF67FA3BF}.Debug|iPhone.Build.0 = Debug|iPhone
		{7D97E4BB-96E1-4E71-B29F-B30AF67FA3BF}.Debug|iPhoneSimulator.ActiveCfg = Debug|iPhoneSimulator
		{7D97E4BB-96E1-4E71-B29F-B30AF67FA3BF}.Debug|iPhoneSimulator.Build.0 = Debug|iPhoneSimulator
		{7D97E4BB-96E1-4E71-B29F-B30AF67FA3BF}.Release|Any CPU.ActiveCfg = Release|iPhone
		{7D97E4BB-96E1-4E71-B29F-B30AF67FA3BF}.Release|iPhone.ActiveCfg = Release|iPhone
		{7D97E4BB-96E1-4E71-B29F-B30AF67FA3BF}.Release|iPhone.Build.0 = Release|iPhone
		{7D97E4BB-96E1-4E71-B29F-B30AF67FA3BF}.Release|iPhoneSimulator.ActiveCfg = Release|iPhoneSimulator
		{7D97E4BB-96E1-4E71-B29F-B30AF67FA3BF}.Release|iPhoneSimulator.Build.0 = Release|iPhoneSimulator
		{F5E105A7-DE30-4368-8652-F8B6AC276E89}.Debug|Any CPU.ActiveCfg = Debug|Any CPU
		{F5E105A7-DE30-4368-8652-F8B6AC276E89}.Debug|Any CPU.Build.0 = Debug|Any CPU
		{F5E105A7-DE30-4368-8652-F8B6AC276E89}.Debug|iPhone.ActiveCfg = Debug|Any CPU
		{F5E105A7-DE30-4368-8652-F8B6AC276E89}.Debug|iPhone.Build.0 = Debug|Any CPU
		{F5E105A7-DE30-4368-8652-F8B6AC276E89}.Debug|iPhoneSimulator.ActiveCfg = Debug|Any CPU
		{F5E105A7-DE30-4368-8652-F8B6AC276E89}.Debug|iPhoneSimulator.Build.0 = Debug|Any CPU
		{F5E105A7-DE30-4368-8652-F8B6AC276E89}.Release|Any CPU.ActiveCfg = Release|Any CPU
		{F5E105A7-DE30-4368-8652-F8B6AC276E89}.Release|Any CPU.Build.0 = Release|Any CPU
		{F5E105A7-DE30-4368-8652-F8B6AC276E89}.Release|iPhone.ActiveCfg = Release|Any CPU
		{F5E105A7-DE30-4368-8652-F8B6AC276E89}.Release|iPhone.Build.0 = Release|Any CPU
		{F5E105A7-DE30-4368-8652-F8B6AC276E89}.Release|iPhoneSimulator.ActiveCfg = Release|Any CPU
		{F5E105A7-DE30-4368-8652-F8B6AC276E89}.Release|iPhoneSimulator.Build.0 = Release|Any CPU
	EndGlobalSection
	GlobalSection(SolutionProperties) = preSolution
		HideSolutionNode = FALSE
	EndGlobalSection
	GlobalSection(ExtensibilityGlobals) = postSolution
		SolutionGuid = {6A5CA5A6-507B-4B09-A6E9-13A273F31322}
	EndGlobalSection
EndGlobal
